
Microsoft Visual Studio Solution File, Format Version 12.00
# Visual Studio 14
VisualStudioVersion = 14.0.25420.1
MinimumVisualStudioVersion = 10.0.40219.1
Project("{FAE04EC0-301F-11D3-BF4B-00C04F79EFBC}") = "Fingerprints", "Fingerprints\Fingerprints.csproj", "{4733A423-21B3-4766-9B33-FC7901C73679}"
EndProject
Project("{FAE04EC0-301F-11D3-BF4B-00C04F79EFBC}") = "FingerprintsData", "FingerprintsData\FingerprintsData.csproj", "{F8C3E4A2-8295-40BD-A4A6-29DF82EE1D23}"
EndProject
Project("{FAE04EC0-301F-11D3-BF4B-00C04F79EFBC}") = "FingerprintsModel", "FingerprintsModel\FingerprintsModel.csproj", "{C48FD6AC-18BD-4726-97DF-2C7F4FF96C7C}"
EndProject
Global
	GlobalSection(SolutionConfigurationPlatforms) = preSolution
		Debug|Any CPU = Debug|Any CPU
		Release|Any CPU = Release|Any CPU
	EndGlobalSection
	GlobalSection(ProjectConfigurationPlatforms) = postSolution
		{4733A423-21B3-4766-9B33-FC7901C73679}.Debug|Any CPU.ActiveCfg = Debug|Any CPU
		{4733A423-21B3-4766-9B33-FC7901C73679}.Debug|Any CPU.Build.0 = Debug|Any CPU
		{4733A423-21B3-4766-9B33-FC7901C73679}.Release|Any CPU.ActiveCfg = Release|Any CPU
		{4733A423-21B3-4766-9B33-FC7901C73679}.Release|Any CPU.Build.0 = Release|Any CPU
		{F8C3E4A2-8295-40BD-A4A6-29DF82EE1D23}.Debug|Any CPU.ActiveCfg = Debug|Any CPU
		{F8C3E4A2-8295-40BD-A4A6-29DF82EE1D23}.Debug|Any CPU.Build.0 = Debug|Any CPU
		{F8C3E4A2-8295-40BD-A4A6-29DF82EE1D23}.Release|Any CPU.ActiveCfg = Release|Any CPU
		{F8C3E4A2-8295-40BD-A4A6-29DF82EE1D23}.Release|Any CPU.Build.0 = Release|Any CPU
		{C48FD6AC-18BD-4726-97DF-2C7F4FF96C7C}.Debug|Any CPU.ActiveCfg = Debug|Any CPU
		{C48FD6AC-18BD-4726-97DF-2C7F4FF96C7C}.Debug|Any CPU.Build.0 = Debug|Any CPU
		{C48FD6AC-18BD-4726-97DF-2C7F4FF96C7C}.Release|Any CPU.ActiveCfg = Release|Any CPU
		{C48FD6AC-18BD-4726-97DF-2C7F4FF96C7C}.Release|Any CPU.Build.0 = Release|Any CPU
	EndGlobalSection
	GlobalSection(SolutionProperties) = preSolution
		HideSolutionNode = FALSE
	EndGlobalSection
	GlobalSection(TeamFoundationVersionControl) = preSolution
		SccNumberOfProjects = 4
		SccEnterpriseProvider = {4CA58AB2-18FA-4F8D-95D4-32DDF27D184C}
		SccTeamFoundationServer = http://192.168.2.178:8080/tfs/colanexternalcollection
		SccLocalPath0 = .
		SccProjectUniqueName1 = Fingerprints\\Fingerprints.csproj
		SccProjectName1 = Fingerprints
		SccLocalPath1 = Fingerprints
		SccProjectUniqueName2 = FingerprintsData\\FingerprintsData.csproj
		SccProjectName2 = FingerprintsData
		SccLocalPath2 = FingerprintsData
		SccProjectUniqueName3 = FingerprintsModel\\FingerprintsModel.csproj
		SccProjectName3 = FingerprintsModel
		SccLocalPath3 = FingerprintsModel
	EndGlobalSection
EndGlobal
